{
  "name": "caltar",
  "version": "1.0.0",
  "lockfileVersion": 3,
  "requires": true,
  "packages": {
    "": {
      "name": "caltar",
      "version": "1.0.0",
      "license": "ISC",
      "dependencies": {
        "phoenix": "../deps/phoenix/assets/js/phoenix"
      },
      "devDependencies": {
        "@types/phoenix": "^1.6.6",
        "@types/phoenix_live_view": "^1.0.0",
        "typescript": "^5.8.2"
      }
    },
    "../deps/phoenix/assets/js/phoenix": {},
    "node_modules/@types/phoenix": {
      "version": "1.6.6",
      "resolved": "https://registry.npmjs.org/@types/phoenix/-/phoenix-1.6.6.tgz",
      "integrity": "sha512-PIzZZlEppgrpoT2QgbnDU+MMzuR6BbCjllj0bM70lWoejMeNJAxCchxnv7J3XFkI8MpygtRpzXrIlmWUBclP5A==",
      "dev": true,
      "license": "MIT"
    },
    "node_modules/@types/phoenix_live_view": {
      "version": "1.0.0",
      "resolved": "https://registry.npmjs.org/@types/phoenix_live_view/-/phoenix_live_view-1.0.0.tgz",
      "integrity": "sha512-GGs3POhwsgcEjLU2Vey1dPRF1Sz9HXgdd78itt+bLJqta4uOIpctkaZm5lhunJ/3kLPx9M65d5URFklRdaQM1w==",
      "dev": true,
      "license": "MIT",
      "dependencies": {
        "@types/phoenix": "*"
      }
    },
    "node_modules/phoenix": {
      "resolved": "../deps/phoenix/assets/js/phoenix",
      "link": true
    },
    "node_modules/typescript": {
      "version": "5.8.2",
      "resolved": "https://registry.npmjs.org/typescript/-/typescript-5.8.2.tgz",
      "integrity": "sha512-aJn6wq13/afZp/jT9QZmwEjDqqvSGp1VT5GVg+f/t6/oVyrgXM6BY1h9BRh/O5p3PlUPAe+WuiEZOmb/49RqoQ==",
      "dev": true,
      "license": "Apache-2.0",
      "bin": {
        "tsc": "bin/tsc",
        "tsserver": "bin/tsserver"
      },
      "engines": {
        "node": ">=14.17"
      }
    }
  }
}
